
Microsoft Visual Studio Solution File, Format Version 12.00
# Visual Studio Version 17
VisualStudioVersion = 17.11.35327.3
MinimumVisualStudioVersion = 10.0.40219.1
Project("{9A19103F-16F7-4668-BE54-9A1E7A4F7556}") = "ConsoleApp", "ConsoleApp.csproj", "{2EBF0011-8F47-4E97-9848-89296B606E9E}"
EndProject
Project("{9A19103F-16F7-4668-BE54-9A1E7A4F7556}") = "Modolus", "..\Modolus\Modolus.csproj", "{BA78AA81-0823-4C97-B233-120CD3511A18}"
EndProject
Project("{9A19103F-16F7-4668-BE54-9A1E7A4F7556}") = "Contoso Animals", "..\Contoso Animals\Contoso Animals.csproj", "{91AE96BC-525C-4D80-A54C-DB1A15EDD4AD}"
EndProject
Project("{9A19103F-16F7-4668-BE54-9A1E7A4F7556}") = "DiceGame", "..\ConsoleApp1\DiceGame.csproj", "{BF17A3AB-FCC6-45CD-9845-E870008B31C1}"
EndProject
Project("{FAE04EC0-301F-11D3-BF4B-00C04F79EFBC}") = "ChallengeFoodMiniGame", "..\ChallengeFoodMiniGame\ChallengeFoodMiniGame.csproj", "{177F042B-5153-42F6-B656-1BAC772CDC0A}"
EndProject
Global
	GlobalSection(SolutionConfigurationPlatforms) = preSolution
		Debug|Any CPU = Debug|Any CPU
		Debug|ARM64 = Debug|ARM64
		Release|Any CPU = Release|Any CPU
		Release|ARM64 = Release|ARM64
	EndGlobalSection
	GlobalSection(ProjectConfigurationPlatforms) = postSolution
		{2EBF0011-8F47-4E97-9848-89296B606E9E}.Debug|Any CPU.ActiveCfg = Debug|Any CPU
		{2EBF0011-8F47-4E97-9848-89296B606E9E}.Debug|Any CPU.Build.0 = Debug|Any CPU
		{2EBF0011-8F47-4E97-9848-89296B606E9E}.Debug|ARM64.ActiveCfg = Debug|ARM64
		{2EBF0011-8F47-4E97-9848-89296B606E9E}.Debug|ARM64.Build.0 = Debug|ARM64
		{2EBF0011-8F47-4E97-9848-89296B606E9E}.Release|Any CPU.ActiveCfg = Release|Any CPU
		{2EBF0011-8F47-4E97-9848-89296B606E9E}.Release|Any CPU.Build.0 = Release|Any CPU
		{2EBF0011-8F47-4E97-9848-89296B606E9E}.Release|ARM64.ActiveCfg = Release|ARM64
		{2EBF0011-8F47-4E97-9848-89296B606E9E}.Release|ARM64.Build.0 = Release|ARM64
		{BA78AA81-0823-4C97-B233-120CD3511A18}.Debug|Any CPU.ActiveCfg = Debug|Any CPU
		{BA78AA81-0823-4C97-B233-120CD3511A18}.Debug|Any CPU.Build.0 = Debug|Any CPU
		{BA78AA81-0823-4C97-B233-120CD3511A18}.Debug|ARM64.ActiveCfg = Debug|Any CPU
		{BA78AA81-0823-4C97-B233-120CD3511A18}.Debug|ARM64.Build.0 = Debug|Any CPU
		{BA78AA81-0823-4C97-B233-120CD3511A18}.Release|Any CPU.ActiveCfg = Release|Any CPU
		{BA78AA81-0823-4C97-B233-120CD3511A18}.Release|Any CPU.Build.0 = Release|Any CPU
		{BA78AA81-0823-4C97-B233-120CD3511A18}.Release|ARM64.ActiveCfg = Release|Any CPU
		{BA78AA81-0823-4C97-B233-120CD3511A18}.Release|ARM64.Build.0 = Release|Any CPU
		{91AE96BC-525C-4D80-A54C-DB1A15EDD4AD}.Debug|Any CPU.ActiveCfg = Debug|Any CPU
		{91AE96BC-525C-4D80-A54C-DB1A15EDD4AD}.Debug|Any CPU.Build.0 = Debug|Any CPU
		{91AE96BC-525C-4D80-A54C-DB1A15EDD4AD}.Debug|ARM64.ActiveCfg = Debug|Any CPU
		{91AE96BC-525C-4D80-A54C-DB1A15EDD4AD}.Debug|ARM64.Build.0 = Debug|Any CPU
		{91AE96BC-525C-4D80-A54C-DB1A15EDD4AD}.Release|Any CPU.ActiveCfg = Release|Any CPU
		{91AE96BC-525C-4D80-A54C-DB1A15EDD4AD}.Release|Any CPU.Build.0 = Release|Any CPU
		{91AE96BC-525C-4D80-A54C-DB1A15EDD4AD}.Release|ARM64.ActiveCfg = Release|Any CPU
		{91AE96BC-525C-4D80-A54C-DB1A15EDD4AD}.Release|ARM64.Build.0 = Release|Any CPU
		{BF17A3AB-FCC6-45CD-9845-E870008B31C1}.Debug|Any CPU.ActiveCfg = Debug|Any CPU
		{BF17A3AB-FCC6-45CD-9845-E870008B31C1}.Debug|Any CPU.Build.0 = Debug|Any CPU
		{BF17A3AB-FCC6-45CD-9845-E870008B31C1}.Debug|ARM64.ActiveCfg = Debug|Any CPU
		{BF17A3AB-FCC6-45CD-9845-E870008B31C1}.Debug|ARM64.Build.0 = Debug|Any CPU
		{BF17A3AB-FCC6-45CD-9845-E870008B31C1}.Release|Any CPU.ActiveCfg = Release|Any CPU
		{BF17A3AB-FCC6-45CD-9845-E870008B31C1}.Release|Any CPU.Build.0 = Release|Any CPU
		{BF17A3AB-FCC6-45CD-9845-E870008B31C1}.Release|ARM64.ActiveCfg = Release|Any CPU
		{BF17A3AB-FCC6-45CD-9845-E870008B31C1}.Release|ARM64.Build.0 = Release|Any CPU
		{177F042B-5153-42F6-B656-1BAC772CDC0A}.Debug|Any CPU.ActiveCfg = Debug|Any CPU
		{177F042B-5153-42F6-B656-1BAC772CDC0A}.Debug|Any CPU.Build.0 = Debug|Any CPU
		{177F042B-5153-42F6-B656-1BAC772CDC0A}.Debug|ARM64.ActiveCfg = Debug|Any CPU
		{177F042B-5153-42F6-B656-1BAC772CDC0A}.Debug|ARM64.Build.0 = Debug|Any CPU
		{177F042B-5153-42F6-B656-1BAC772CDC0A}.Release|Any CPU.ActiveCfg = Release|Any CPU
		{177F042B-5153-42F6-B656-1BAC772CDC0A}.Release|Any CPU.Build.0 = Release|Any CPU
		{177F042B-5153-42F6-B656-1BAC772CDC0A}.Release|ARM64.ActiveCfg = Release|Any CPU
		{177F042B-5153-42F6-B656-1BAC772CDC0A}.Release|ARM64.Build.0 = Release|Any CPU
	EndGlobalSection
	GlobalSection(SolutionProperties) = preSolution
		HideSolutionNode = FALSE
	EndGlobalSection
	GlobalSection(ExtensibilityGlobals) = postSolution
		SolutionGuid = {76592C8D-3D01-4B15-9ED4-D86B892D66D9}
	EndGlobalSection
EndGlobal
